
Microsoft Visual Studio Solution File, Format Version 12.00
# Visual Studio 14
VisualStudioVersion = 14.0.24720.0
MinimumVisualStudioVersion = 10.0.40219.1
Project("{FAE04EC0-301F-11D3-BF4B-00C04F79EFBC}") = "UI", "UI\UI.csproj", "{C5C76977-8A3A-4BA8-B8C6-E4A4DC63762D}"
EndProject
Project("{FAE04EC0-301F-11D3-BF4B-00C04F79EFBC}") = "Test", "Test\Test.csproj", "{18C9A6D4-8F02-41CA-9731-DF1CC6C41DDB}"
EndProject
Project("{FAE04EC0-301F-11D3-BF4B-00C04F79EFBC}") = "Framework", "Framework\Framework.csproj", "{FC596C86-6236-4660-99D4-A99400925586}"
EndProject
Global
	GlobalSection(SolutionConfigurationPlatforms) = preSolution
		Debug|Any CPU = Debug|Any CPU
		Release|Any CPU = Release|Any CPU
	EndGlobalSection
	GlobalSection(ProjectConfigurationPlatforms) = postSolution
		{C5C76977-8A3A-4BA8-B8C6-E4A4DC63762D}.Debug|Any CPU.ActiveCfg = Debug|Any CPU
		{C5C76977-8A3A-4BA8-B8C6-E4A4DC63762D}.Debug|Any CPU.Build.0 = Debug|Any CPU
		{C5C76977-8A3A-4BA8-B8C6-E4A4DC63762D}.Release|Any CPU.ActiveCfg = Release|Any CPU
		{C5C76977-8A3A-4BA8-B8C6-E4A4DC63762D}.Release|Any CPU.Build.0 = Release|Any CPU
		{18C9A6D4-8F02-41CA-9731-DF1CC6C41DDB}.Debug|Any CPU.ActiveCfg = Debug|Any CPU
		{18C9A6D4-8F02-41CA-9731-DF1CC6C41DDB}.Debug|Any CPU.Build.0 = Debug|Any CPU
		{18C9A6D4-8F02-41CA-9731-DF1CC6C41DDB}.Release|Any CPU.ActiveCfg = Release|Any CPU
		{18C9A6D4-8F02-41CA-9731-DF1CC6C41DDB}.Release|Any CPU.Build.0 = Release|Any CPU
		{FC596C86-6236-4660-99D4-A99400925586}.Debug|Any CPU.ActiveCfg = Debug|Any CPU
		{FC596C86-6236-4660-99D4-A99400925586}.Debug|Any CPU.Build.0 = Debug|Any CPU
		{FC596C86-6236-4660-99D4-A99400925586}.Release|Any CPU.ActiveCfg = Release|Any CPU
		{FC596C86-6236-4660-99D4-A99400925586}.Release|Any CPU.Build.0 = Release|Any CPU
	EndGlobalSection
	GlobalSection(SolutionProperties) = preSolution
		HideSolutionNode = FALSE
	EndGlobalSection
EndGlobal
